// !$*UTF8*$!
{
	archiveVersion = 1;
	classes = {
	};
	objectVersion = 50;
	objects = {

/* Begin PBXBuildFile section */
		2E5C494D246743D800BFDEEB /* AppDelegate.swift in Sources */ = {isa = PBXBuildFile; fileRef = 2E5C494C246743D800BFDEEB /* AppDelegate.swift */; };
		2E5C494F246743D800BFDEEB /* SceneDelegate.swift in Sources */ = {isa = PBXBuildFile; fileRef = 2E5C494E246743D800BFDEEB /* SceneDelegate.swift */; };
		2E5C4951246743D800BFDEEB /* ViewController.swift in Sources */ = {isa = PBXBuildFile; fileRef = 2E5C4950246743D800BFDEEB /* ViewController.swift */; };
		2E5C4954246743D800BFDEEB /* Main.storyboard in Resources */ = {isa = PBXBuildFile; fileRef = 2E5C4952246743D800BFDEEB /* Main.storyboard */; };
		2E5C4956246743DC00BFDEEB /* Assets.xcassets in Resources */ = {isa = PBXBuildFile; fileRef = 2E5C4955246743DC00BFDEEB /* Assets.xcassets */; };
		2E5C4959246743DC00BFDEEB /* LaunchScreen.storyboard in Resources */ = {isa = PBXBuildFile; fileRef = 2E5C4957246743DC00BFDEEB /* LaunchScreen.storyboard */; };
/* End PBXBuildFile section */

/* Begin PBXFileReference section */
		2E5C4949246743D800BFDEEB /* Tetris.app */ = {isa = PBXFileReference; explicitFileType = wrapper.application; includeInIndex = 0; path = Tetris.app; sourceTree = BUILT_PRODUCTS_DIR; };
		2E5C494C246743D800BFDEEB /* AppDelegate.swift */ = {isa = PBXFileReference; lastKnownFileType = sourcecode.swift; path = AppDelegate.swift; sourceTree = "<group>"; };
		2E5C494E246743D800BFDEEB /* SceneDelegate.swift */ = {isa = PBXFileReference; lastKnownFileType = sourcecode.swift; path = SceneDelegate.swift; sourceTree = "<group>"; };
		2E5C4950246743D800BFDEEB /* ViewController.swift */ = {isa = PBXFileReference; lastKnownFileType = sourcecode.swift; path = ViewController.swift; sourceTree = "<group>"; };
		2E5C4953246743D800BFDEEB /* Base */ = {isa = PBXFileReference; lastKnownFileType = file.storyboard; name = Base; path = Base.lproj/Main.storyboard; sourceTree = "<group>"; };
		2E5C4955246743DC00BFDEEB /* Assets.xcassets */ = {isa = PBXFileReference; lastKnownFileType = folder.assetcatalog; path = Assets.xcassets; sourceTree = "<group>"; };
		2E5C4958246743DC00BFDEEB /* Base */ = {isa = PBXFileReference; lastKnownFileType = file.storyboard; name = Base; path = Base.lproj/LaunchScreen.storyboard; sourceTree = "<group>"; };
		2E5C495A246743DC00BFDEEB /* Info.plist */ = {isa = PBXFileReference; lastKnownFileType = text.plist.xml; path = Info.plist; sourceTree = "<group>"; };
/* End PBXFileReference section */

/* Begin PBXFrameworksBuildPhase section */
		2E5C4946246743D800BFDEEB /* Frameworks */ = {
			isa = PBXFrameworksBuildPhase;
			buildActionMask = 2147483647;
			files = (
			);
			runOnlyForDeploymentPostprocessing = 0;
		};
/* End PBXFrameworksBuildPhase section */

/* Begin PBXGroup section */
		2E5C4940246743D800BFDEEB = {
			isa = PBXGroup;
			children = (
				2E5C494B246743D800BFDEEB /* Tetris */,
				2E5C494A246743D800BFDEEB /* Products */,
			);
			sourceTree = "<group>";
		};
		2E5C494A246743D800BFDEEB /* Products */ = {
			isa = PBXGroup;
			children = (
				2E5C4949246743D800BFDEEB /* Tetris.app */,
			);
			name = Products;
			sourceTree = "<group>";
		};
		2E5C494B246743D800BFDEEB /* Tetris */ = {
			isa = PBXGroup;
			children = (
				2E5C494C246743D800BFDEEB /* AppDelegate.swift */,
				2E5C494E246743D800BFDEEB /* SceneDelegate.swift */,
				2E5C4950246743D800BFDEEB /* ViewController.swift */,
				2E5C4952246743D800BFDEEB /* Main.storyboard */,
				2E5C4955246743DC00BFDEEB /* Assets.xcassets */,
				2E5C4957246743DC00BFDEEB /* LaunchScreen.storyboard */,
				2E5C495A246743DC00BFDEEB /* Info.plist */,
			);
			path = Tetris;
			sourceTree = "<group>";
		};
/* End PBXGroup section */

/* Begin PBXNativeTarget section */
		2E5C4948246743D800BFDEEB /* Tetris */ = {
			isa = PBXNativeTarget;
			buildConfigurationList = 2E5C495D246743DC00BFDEEB /* Build configuration list for PBXNativeTarget "Tetris" */;
			buildPhases = (
				2E5C4945246743D800BFDEEB /* Sources */,
				2E5C4946246743D800BFDEEB /* Frameworks */,
				2E5C4947246743D800BFDEEB /* Resources */,
			);
			buildRules = (
			);
			dependencies = (
			);
			name = Tetris;
			productName = Tetris;
			productReference = 2E5C4949246743D800BFDEEB /* Tetris.app */;
			productType = "com.apple.product-type.application";
		};
/* End PBXNativeTarget section */

/* Begin PBXProject section */
		2E5C4941246743D800BFDEEB /* Project object */ = {
			isa = PBXProject;
			attributes = {
				LastSwiftUpdateCheck = 1140;
				LastUpgradeCheck = 1140;
				ORGANIZATIONNAME = "Harshvardhan Mestha";
				TargetAttributes = {
					2E5C4948246743D800BFDEEB = {
						CreatedOnToolsVersion = 11.4.1;
					};
				};
			};
			buildConfigurationList = 2E5C4944246743D800BFDEEB /* Build configuration list for PBXProject "Tetris" */;
			compatibilityVersion = "Xcode 9.3";
			developmentRegion = en;
			hasScannedForEncodings = 0;
			knownRegions = (
				en,
				Base,
			);
			mainGroup = 2E5C4940246743D800BFDEEB;
			productRefGroup = 2E5C494A246743D800BFDEEB /* Products */;
			projectDirPath = "";
			projectRoot = "";
			targets = (
				2E5C4948246743D800BFDEEB /* Tetris */,
			);
		};
/* End PBXProject section */

/* Begin PBXResourcesBuildPhase section */
		2E5C4947246743D800BFDEEB /* Resources */ = {
			isa = PBXResourcesBuildPhase;
			buildActionMask = 2147483647;
			files = (
				2E5C4959246743DC00BFDEEB /* LaunchScreen.storyboard in Resources */,
				2E5C4956246743DC00BFDEEB /* Assets.xcassets in Resources */,
				2E5C4954246743D800BFDEEB /* Main.storyboard in Resources */,
			);
			runOnlyForDeploymentPostprocessing = 0;
		};
/* End PBXResourcesBuildPhase section */

/* Begin PBXSourcesBuildPhase section */
		2E5C4945246743D800BFDEEB /* Sources */ = {
			isa = PBXSourcesBuildPhase;
			buildActionMask = 2147483647;
			files = (
				2E5C4951246743D800BFDEEB /* ViewController.swift in Sources */,
				2E5C494D246743D800BFDEEB /* AppDelegate.swift in Sources */,
				2E5C494F246743D800BFDEEB /* SceneDelegate.swift in Sources */,
			);
			runOnlyForDeploymentPostprocessing = 0;
		};
/* End PBXSourcesBuildPhase section */

/* Begin PBXVariantGroup section */
		2E5C4952246743D800BFDEEB /* Main.storyboard */ = {
			isa = PBXVariantGroup;
			children = (
				2E5C4953246743D800BFDEEB /* Base */,
			);
			name = Main.storyboard;
			sourceTree = "<group>";
		};
		2E5C4957246743DC00BFDEEB /* LaunchScreen.storyboard */ = {
			isa = PBXVariantGroup;
			children = (
				2E5C4958246743DC00BFDEEB /* Base */,
			);
			name = LaunchScreen.storyboard;
			sourceTree = "<group>";
		};
/* End PBXVariantGroup section */

/* Begin XCBuildConfiguration section */
		2E5C495B246743DC00BFDEEB /* Debug */ = {
			isa = XCBuildConfiguration;
			buildSettings = {
				ALWAYS_SEARCH_USER_PATHS = NO;
				CLANG_ANALYZER_NONNULL = YES;
				CLANG_ANALYZER_NUMBER_OBJECT_CONVERSION = YES_AGGRESSIVE;
				CLANG_CXX_LANGUAGE_STANDARD = "gnu++14";
				CLANG_CXX_LIBRARY = "libc++";
				CLANG_ENABLE_MODULES = YES;
				CLANG_ENABLE_OBJC_ARC = YES;
				CLANG_ENABLE_OBJC_WEAK = YES;
				CLANG_WARN_BLOCK_CAPTURE_AUTORELEASING = YES;
				CLANG_WARN_BOOL_CONVERSION = YES;
				CLANG_WARN_COMMA = YES;
				CLANG_WARN_CONSTANT_CONVERSION = YES;
				CLANG_WARN_DEPRECATED_OBJC_IMPLEMENTATIONS = YES;
				CLANG_WARN_DIRECT_OBJC_ISA_USAGE = YES_ERROR;
				CLANG_WARN_DOCUMENTATION_COMMENTS = YES;
				CLANG_WARN_EMPTY_BODY = YES;
				CLANG_WARN_ENUM_CONVERSION = YES;
				CLANG_WARN_INFINITE_RECURSION = YES;
				CLANG_WARN_INT_CONVERSION = YES;
				CLANG_WARN_NON_LITERAL_NULL_CONVERSION = YES;
				CLANG_WARN_OBJC_IMPLICIT_RETAIN_SELF = YES;
				CLANG_WARN_OBJC_LITERAL_CONVERSION = YES;
				CLANG_WARN_OBJC_ROOT_CLASS = YES_ERROR;
				CLANG_WARN_RANGE_LOOP_ANALYSIS = YES;
				CLANG_WARN_STRICT_PROTOTYPES = YES;
				CLANG_WARN_SUSPICIOUS_MOVE = YES;
				CLANG_WARN_UNGUARDED_AVAILABILITY = YES_AGGRESSIVE;
				CLANG_WARN_UNREACHABLE_CODE = YES;
				CLANG_WARN__DUPLICATE_METHOD_MATCH = YES;
				COPY_PHASE_STRIP = NO;
				DEBUG_INFORMATION_FORMAT = dwarf;
				ENABLE_STRICT_OBJC_MSGSEND = YES;
				ENABLE_TESTABILITY = YES;
				GCC_C_LANGUAGE_STANDARD = gnu11;
				GCC_DYNAMIC_NO_PIC = NO;
				GCC_NO_COMMON_BLOCKS = YES;
				GCC_OPTIMIZATION_LEVEL = 0;
				GCC_PREPROCESSOR_DEFINITIONS = (
					"DEBUG=1",
					"$(inherited)",
				);
				GCC_WARN_64_TO_32_BIT_CONVERSION = YES;
				GCC_WARN_ABOUT_RETURN_TYPE = YES_ERROR;
				GCC_WARN_UNDECLARED_SELECTOR = YES;
				GCC_WARN_UNINITIALIZED_AUTOS = YES_AGGRESSIVE;
				GCC_WARN_UNUSED_FUNCTION = YES;
				GCC_WARN_UNUSED_VARIABLE = YES;
				IPHONEOS_DEPLOYMENT_TARGET = 13.4;
				MTL_ENABLE_DEBUG_INFO = INCLUDE_SOURCE;
				MTL_FAST_MATH = YES;
				ONLY_ACTIVE_ARCH = YES;
				SDKROOT = iphoneos;
				SWIFT_ACTIVE_COMPILATION_CONDITIONS = DEBUG;
				SWIFT_OPTIMIZATION_LEVEL = "-Onone";
			};
			name = Debug;
		};
		2E5C495C246743DC00BFDEEB /* Release */ = {
			isa = XCBuildConfiguration;
			buildSettings = {
				ALWAYS_SEARCH_USER_PATHS = NO;
				CLANG_ANALYZER_NONNULL = YES;
				CLANG_ANALYZER_NUMBER_OBJECT_CONVERSION = YES_AGGRESSIVE;
				CLANG_CXX_LANGUAGE_STANDARD = "gnu++14";
				CLANG_CXX_LIBRARY = "libc++";
				CLANG_ENABLE_MODULES = YES;
				CLANG_ENABLE_OBJC_ARC = YES;
				CLANG_ENABLE_OBJC_WEAK = YES;
				CLANG_WARN_BLOCK_CAPTURE_AUTORELEASING = YES;
				CLANG_WARN_BOOL_CONVERSION = YES;
				CLANG_WARN_COMMA = YES;
				CLANG_WARN_CONSTANT_CONVERSION = YES;
				CLANG_WARN_DEPRECATED_OBJC_IMPLEMENTATIONS = YES;
				CLANG_WARN_DIRECT_OBJC_ISA_USAGE = YES_ERROR;
				CLANG_WARN_DOCUMENTATION_COMMENTS = YES;
				CLANG_WARN_EMPTY_BODY = YES;
				CLANG_WARN_ENUM_CONVERSION = YES;
				CLANG_WARN_INFINITE_RECURSION = YES;
				CLANG_WARN_INT_CONVERSION = YES;
				CLANG_WARN_NON_LITERAL_NULL_CONVERSION = YES;
				CLANG_WARN_OBJC_IMPLICIT_RETAIN_SELF = YES;
				CLANG_WARN_OBJC_LITERAL_CONVERSION = YES;
				CLANG_WARN_OBJC_ROOT_CLASS = YES_ERROR;
				CLANG_WARN_RANGE_LOOP_ANALYSIS = YES;
				CLANG_WARN_STRICT_PROTOTYPES = YES;
				CLANG_WARN_SUSPICIOUS_MOVE = YES;
				CLANG_WARN_UNGUARDED_AVAILABILITY = YES_AGGRESSIVE;
				CLANG_WARN_UNREACHABLE_CODE = YES;
				CLANG_WARN__DUPLICATE_METHOD_MATCH = YES;
				COPY_PHASE_STRIP = NO;
				DEBUG_INFORMATION_FORMAT = "dwarf-with-dsym";
				ENABLE_NS_ASSERTIONS = NO;
				ENABLE_STRICT_OBJC_MSGSEND = YES;
				GCC_C_LANGUAGE_STANDARD = gnu11;
				GCC_NO_COMMON_BLOCKS = YES;
				GCC_WARN_64_TO_32_BIT_CONVERSION = YES;
				GCC_WARN_ABOUT_RETURN_TYPE = YES_ERROR;
				GCC_WARN_UNDECLARED_SELECTOR = YES;
				GCC_WARN_UNINITIALIZED_AUTOS = YES_AGGRESSIVE;
				GCC_WARN_UNUSED_FUNCTION = YES;
				GCC_WARN_UNUSED_VARIABLE = YES;
				IPHONEOS_DEPLOYMENT_TARGET = 13.4;
				MTL_ENABLE_DEBUG_INFO = NO;
				MTL_FAST_MATH = YES;
				SDKROOT = iphoneos;
				SWIFT_COMPILATION_MODE = wholemodule;
				SWIFT_OPTIMIZATION_LEVEL = "-O";
				VALIDATE_PRODUCT = YES;
			};
			name = Release;
		};
		2E5C495E246743DC00BFDEEB /* Debug */ = {
			isa = XCBuildConfiguration;
			buildSettings = {
				ASSETCATALOG_COMPILER_APPICON_NAME = AppIcon;
				CODE_SIGN_STYLE = Automatic;
				DEVELOPMENT_TEAM = 5LHLWGJZV3;
				INFOPLIST_FILE = Tetris/Info.plist;
				LD_RUNPATH_SEARCH_PATHS = (
					"$(inherited)",
					"@executable_path/Frameworks",
				);
				PRODUCT_BUNDLE_IDENTIFIER = "com.Harshvardhan-Mestha.Tetris";
				PRODUCT_NAME = "$(TARGET_NAME)";
				SWIFT_VERSION = 5.0;
				TARGETED_DEVICE_FAMILY = "1,2";
			};
			name = Debug;
		};
		2E5C495F246743DC00BFDEEB /* Release */ = {
			isa = XCBuildConfiguration;
			buildSettings = {
				ASSETCATALOG_COMPILER_APPICON_NAME = AppIcon;
				CODE_SIGN_STYLE = Automatic;
				DEVELOPMENT_TEAM = 5LHLWGJZV3;
				INFOPLIST_FILE = Tetris/Info.plist;
				LD_RUNPATH_SEARCH_PATHS = (
					"$(inherited)",
					"@executable_path/Frameworks",
				);
				PRODUCT_BUNDLE_IDENTIFIER = "com.Harshvardhan-Mestha.Tetris";
				PRODUCT_NAME = "$(TARGET_NAME)";
				SWIFT_VERSION = 5.0;
				TARGETED_DEVICE_FAMILY = "1,2";
			};
			name = Release;
		};
/* End XCBuildConfiguration section */

/* Begin XCConfigurationList section */
		2E5C4944246743D800BFDEEB /* Build configuration list for PBXProject "Tetris" */ = {
			isa = XCConfigurationList;
			buildConfigurations = (
				2E5C495B246743DC00BFDEEB /* Debug */,
				2E5C495C246743DC00BFDEEB /* Release */,
			);
			defaultConfigurationIsVisible = 0;
			defaultConfigurationName = Release;
		};
		2E5C495D246743DC00BFDEEB /* Build configuration list for PBXNativeTarget "Tetris" */ = {
			isa = XCConfigurationList;
			buildConfigurations = (
				2E5C495E246743DC00BFDEEB /* Debug */,
				2E5C495F246743DC00BFDEEB /* Release */,
			);
			defaultConfigurationIsVisible = 0;
			defaultConfigurationName = Release;
		};
/* End XCConfigurationList section */
	};
	rootObject = 2E5C4941246743D800BFDEEB /* Project object */;
}
